
Microsoft Visual Studio Solution File, Format Version 12.00
# Visual Studio Version 17
VisualStudioVersion = 17.8.34408.163
MinimumVisualStudioVersion = 10.0.40219.1
Project("{9A19103F-16F7-4668-BE54-9A1E7A4F7556}") = "UltimateAspNetCore", "UltimateAspNetCore\UltimateAspNetCore.csproj", "{56CBAE79-962E-4C17-975A-BC053E3AA397}"
EndProject
Project("{9A19103F-16F7-4668-BE54-9A1E7A4F7556}") = "Contracts", "Contracts\Contracts.csproj", "{3B28730F-4E9E-46A5-89F2-152D77266EE2}"
EndProject
Project("{9A19103F-16F7-4668-BE54-9A1E7A4F7556}") = "LoggerService", "LoggerService\LoggerService.csproj", "{D47E16B8-BBA7-4C69-91B2-C06F08BD7143}"
EndProject
Project("{9A19103F-16F7-4668-BE54-9A1E7A4F7556}") = "Entities", "Entities\Entities.csproj", "{486EC0EE-6C97-451C-B5F6-2CC216A7CD1D}"
EndProject
Project("{9A19103F-16F7-4668-BE54-9A1E7A4F7556}") = "Repository", "Repository\Repository.csproj", "{8D908E2D-4A30-49CB-9241-36B07583C3B6}"
EndProject
Project("{9A19103F-16F7-4668-BE54-9A1E7A4F7556}") = "Service.Contracts", "Service.Contracts\Service.Contracts.csproj", "{D85D3F92-4B09-4914-B745-07F421C30C90}"
EndProject
Project("{9A19103F-16F7-4668-BE54-9A1E7A4F7556}") = "Service", "Service\Service.csproj", "{056E1106-02DC-484E-851A-CC03F32063BC}"
EndProject
Project("{9A19103F-16F7-4668-BE54-9A1E7A4F7556}") = "Presentation", "Presentation\Presentation.csproj", "{830A28BF-B43F-48AB-A970-CAD43700536E}"
EndProject
Project("{FAE04EC0-301F-11D3-BF4B-00C04F79EFBC}") = "Shared", "Shared\Shared.csproj", "{1FDFF98E-B03C-4F5B-88CA-3183AC31B27E}"
EndProject
Global
	GlobalSection(SolutionConfigurationPlatforms) = preSolution
		Debug|Any CPU = Debug|Any CPU
		Release|Any CPU = Release|Any CPU
	EndGlobalSection
	GlobalSection(ProjectConfigurationPlatforms) = postSolution
		{56CBAE79-962E-4C17-975A-BC053E3AA397}.Debug|Any CPU.ActiveCfg = Debug|Any CPU
		{56CBAE79-962E-4C17-975A-BC053E3AA397}.Debug|Any CPU.Build.0 = Debug|Any CPU
		{56CBAE79-962E-4C17-975A-BC053E3AA397}.Release|Any CPU.ActiveCfg = Release|Any CPU
		{56CBAE79-962E-4C17-975A-BC053E3AA397}.Release|Any CPU.Build.0 = Release|Any CPU
		{3B28730F-4E9E-46A5-89F2-152D77266EE2}.Debug|Any CPU.ActiveCfg = Debug|Any CPU
		{3B28730F-4E9E-46A5-89F2-152D77266EE2}.Debug|Any CPU.Build.0 = Debug|Any CPU
		{3B28730F-4E9E-46A5-89F2-152D77266EE2}.Release|Any CPU.ActiveCfg = Release|Any CPU
		{3B28730F-4E9E-46A5-89F2-152D77266EE2}.Release|Any CPU.Build.0 = Release|Any CPU
		{D47E16B8-BBA7-4C69-91B2-C06F08BD7143}.Debug|Any CPU.ActiveCfg = Debug|Any CPU
		{D47E16B8-BBA7-4C69-91B2-C06F08BD7143}.Debug|Any CPU.Build.0 = Debug|Any CPU
		{D47E16B8-BBA7-4C69-91B2-C06F08BD7143}.Release|Any CPU.ActiveCfg = Release|Any CPU
		{D47E16B8-BBA7-4C69-91B2-C06F08BD7143}.Release|Any CPU.Build.0 = Release|Any CPU
		{486EC0EE-6C97-451C-B5F6-2CC216A7CD1D}.Debug|Any CPU.ActiveCfg = Debug|Any CPU
		{486EC0EE-6C97-451C-B5F6-2CC216A7CD1D}.Debug|Any CPU.Build.0 = Debug|Any CPU
		{486EC0EE-6C97-451C-B5F6-2CC216A7CD1D}.Release|Any CPU.ActiveCfg = Release|Any CPU
		{486EC0EE-6C97-451C-B5F6-2CC216A7CD1D}.Release|Any CPU.Build.0 = Release|Any CPU
		{8D908E2D-4A30-49CB-9241-36B07583C3B6}.Debug|Any CPU.ActiveCfg = Debug|Any CPU
		{8D908E2D-4A30-49CB-9241-36B07583C3B6}.Debug|Any CPU.Build.0 = Debug|Any CPU
		{8D908E2D-4A30-49CB-9241-36B07583C3B6}.Release|Any CPU.ActiveCfg = Release|Any CPU
		{8D908E2D-4A30-49CB-9241-36B07583C3B6}.Release|Any CPU.Build.0 = Release|Any CPU
		{D85D3F92-4B09-4914-B745-07F421C30C90}.Debug|Any CPU.ActiveCfg = Debug|Any CPU
		{D85D3F92-4B09-4914-B745-07F421C30C90}.Debug|Any CPU.Build.0 = Debug|Any CPU
		{D85D3F92-4B09-4914-B745-07F421C30C90}.Release|Any CPU.ActiveCfg = Release|Any CPU
		{D85D3F92-4B09-4914-B745-07F421C30C90}.Release|Any CPU.Build.0 = Release|Any CPU
		{056E1106-02DC-484E-851A-CC03F32063BC}.Debug|Any CPU.ActiveCfg = Debug|Any CPU
		{056E1106-02DC-484E-851A-CC03F32063BC}.Debug|Any CPU.Build.0 = Debug|Any CPU
		{056E1106-02DC-484E-851A-CC03F32063BC}.Release|Any CPU.ActiveCfg = Release|Any CPU
		{056E1106-02DC-484E-851A-CC03F32063BC}.Release|Any CPU.Build.0 = Release|Any CPU
		{830A28BF-B43F-48AB-A970-CAD43700536E}.Debug|Any CPU.ActiveCfg = Debug|Any CPU
		{830A28BF-B43F-48AB-A970-CAD43700536E}.Debug|Any CPU.Build.0 = Debug|Any CPU
		{830A28BF-B43F-48AB-A970-CAD43700536E}.Release|Any CPU.ActiveCfg = Release|Any CPU
		{830A28BF-B43F-48AB-A970-CAD43700536E}.Release|Any CPU.Build.0 = Release|Any CPU
		{1FDFF98E-B03C-4F5B-88CA-3183AC31B27E}.Debug|Any CPU.ActiveCfg = Debug|Any CPU
		{1FDFF98E-B03C-4F5B-88CA-3183AC31B27E}.Debug|Any CPU.Build.0 = Debug|Any CPU
		{1FDFF98E-B03C-4F5B-88CA-3183AC31B27E}.Release|Any CPU.ActiveCfg = Release|Any CPU
		{1FDFF98E-B03C-4F5B-88CA-3183AC31B27E}.Release|Any CPU.Build.0 = Release|Any CPU
	EndGlobalSection
	GlobalSection(SolutionProperties) = preSolution
		HideSolutionNode = FALSE
	EndGlobalSection
	GlobalSection(ExtensibilityGlobals) = postSolution
		SolutionGuid = {0B1ADC64-4F18-42AA-8165-94493A085AE0}
	EndGlobalSection
EndGlobal
